// !$*UTF8*$!
{
	archiveVersion = 1;
	classes = {
	};
	objectVersion = 46;
	objects = {

/* Begin PBXBuildFile section */
		9508E09B1E828FDA00E1FF60 /* AppDelegate.swift in Sources */ = {isa = PBXBuildFile; fileRef = 9508E09A1E828FDA00E1FF60 /* AppDelegate.swift */; };
		9508E09D1E828FDA00E1FF60 /* ViewController.swift in Sources */ = {isa = PBXBuildFile; fileRef = 9508E09C1E828FDA00E1FF60 /* ViewController.swift */; };
		9508E0A01E828FDA00E1FF60 /* Main.storyboard in Resources */ = {isa = PBXBuildFile; fileRef = 9508E09E1E828FDA00E1FF60 /* Main.storyboard */; };
		9508E0A31E828FDA00E1FF60 /* MultiPeer.xcdatamodeld in Sources */ = {isa = PBXBuildFile; fileRef = 9508E0A11E828FDA00E1FF60 /* MultiPeer.xcdatamodeld */; };
		9508E0A51E828FDA00E1FF60 /* Assets.xcassets in Resources */ = {isa = PBXBuildFile; fileRef = 9508E0A41E828FDA00E1FF60 /* Assets.xcassets */; };
		9508E0A81E828FDA00E1FF60 /* LaunchScreen.storyboard in Resources */ = {isa = PBXBuildFile; fileRef = 9508E0A61E828FDA00E1FF60 /* LaunchScreen.storyboard */; };
		9508E0B01E82910F00E1FF60 /* ColorServiceManager.swift in Sources */ = {isa = PBXBuildFile; fileRef = 9508E0AF1E82910F00E1FF60 /* ColorServiceManager.swift */; };
/* End PBXBuildFile section */

/* Begin PBXFileReference section */
		9508E0971E828FDA00E1FF60 /* MultiPeer.app */ = {isa = PBXFileReference; explicitFileType = wrapper.application; includeInIndex = 0; path = MultiPeer.app; sourceTree = BUILT_PRODUCTS_DIR; };
		9508E09A1E828FDA00E1FF60 /* AppDelegate.swift */ = {isa = PBXFileReference; lastKnownFileType = sourcecode.swift; path = AppDelegate.swift; sourceTree = "<group>"; };
		9508E09C1E828FDA00E1FF60 /* ViewController.swift */ = {isa = PBXFileReference; lastKnownFileType = sourcecode.swift; path = ViewController.swift; sourceTree = "<group>"; };
		9508E09F1E828FDA00E1FF60 /* Base */ = {isa = PBXFileReference; lastKnownFileType = file.storyboard; name = Base; path = Base.lproj/Main.storyboard; sourceTree = "<group>"; };
		9508E0A21E828FDA00E1FF60 /* MultiPeer.xcdatamodel */ = {isa = PBXFileReference; lastKnownFileType = wrapper.xcdatamodel; path = MultiPeer.xcdatamodel; sourceTree = "<group>"; };
		9508E0A41E828FDA00E1FF60 /* Assets.xcassets */ = {isa = PBXFileReference; lastKnownFileType = folder.assetcatalog; path = Assets.xcassets; sourceTree = "<group>"; };
		9508E0A71E828FDA00E1FF60 /* Base */ = {isa = PBXFileReference; lastKnownFileType = file.storyboard; name = Base; path = Base.lproj/LaunchScreen.storyboard; sourceTree = "<group>"; };
		9508E0A91E828FDA00E1FF60 /* Info.plist */ = {isa = PBXFileReference; lastKnownFileType = text.plist.xml; path = Info.plist; sourceTree = "<group>"; };
		9508E0AF1E82910F00E1FF60 /* ColorServiceManager.swift */ = {isa = PBXFileReference; fileEncoding = 4; lastKnownFileType = sourcecode.swift; path = ColorServiceManager.swift; sourceTree = "<group>"; };
/* End PBXFileReference section */

/* Begin PBXFrameworksBuildPhase section */
		9508E0941E828FDA00E1FF60 /* Frameworks */ = {
			isa = PBXFrameworksBuildPhase;
			buildActionMask = 2147483647;
			files = (
			);
			runOnlyForDeploymentPostprocessing = 0;
		};
/* End PBXFrameworksBuildPhase section */

/* Begin PBXGroup section */
		9508E08E1E828FDA00E1FF60 = {
			isa = PBXGroup;
			children = (
				9508E0991E828FDA00E1FF60 /* MultiPeer */,
				9508E0981E828FDA00E1FF60 /* Products */,
			);
			sourceTree = "<group>";
		};
		9508E0981E828FDA00E1FF60 /* Products */ = {
			isa = PBXGroup;
			children = (
				9508E0971E828FDA00E1FF60 /* MultiPeer.app */,
			);
			name = Products;
			sourceTree = "<group>";
		};
		9508E0991E828FDA00E1FF60 /* MultiPeer */ = {
			isa = PBXGroup;
			children = (
				9508E09A1E828FDA00E1FF60 /* AppDelegate.swift */,
				9508E0AF1E82910F00E1FF60 /* ColorServiceManager.swift */,
				9508E09C1E828FDA00E1FF60 /* ViewController.swift */,
				9508E09E1E828FDA00E1FF60 /* Main.storyboard */,
				9508E0A41E828FDA00E1FF60 /* Assets.xcassets */,
				9508E0A61E828FDA00E1FF60 /* LaunchScreen.storyboard */,
				9508E0A91E828FDA00E1FF60 /* Info.plist */,
				9508E0A11E828FDA00E1FF60 /* MultiPeer.xcdatamodeld */,
			);
			path = MultiPeer;
			sourceTree = "<group>";
		};
/* End PBXGroup section */

/* Begin PBXNativeTarget section */
		9508E0961E828FDA00E1FF60 /* MultiPeer */ = {
			isa = PBXNativeTarget;
			buildConfigurationList = 9508E0AC1E828FDA00E1FF60 /* Build configuration list for PBXNativeTarget "MultiPeer" */;
			buildPhases = (
				9508E0931E828FDA00E1FF60 /* Sources */,
				9508E0941E828FDA00E1FF60 /* Frameworks */,
				9508E0951E828FDA00E1FF60 /* Resources */,
			);
			buildRules = (
			);
			dependencies = (
			);
			name = MultiPeer;
			productName = MultiPeer;
			productReference = 9508E0971E828FDA00E1FF60 /* MultiPeer.app */;
			productType = "com.apple.product-type.application";
		};
/* End PBXNativeTarget section */

/* Begin PBXProject section */
		9508E08F1E828FDA00E1FF60 /* Project object */ = {
			isa = PBXProject;
			attributes = {
				LastSwiftUpdateCheck = 0730;
				LastUpgradeCheck = 0730;
				ORGANIZATIONNAME = "Sumit Mukhija";
				TargetAttributes = {
					9508E0961E828FDA00E1FF60 = {
						CreatedOnToolsVersion = 7.3.1;
					};
				};
			};
			buildConfigurationList = 9508E0921E828FDA00E1FF60 /* Build configuration list for PBXProject "MultiPeer" */;
			compatibilityVersion = "Xcode 3.2";
			developmentRegion = English;
			hasScannedForEncodings = 0;
			knownRegions = (
				en,
				Base,
			);
			mainGroup = 9508E08E1E828FDA00E1FF60;
			productRefGroup = 9508E0981E828FDA00E1FF60 /* Products */;
			projectDirPath = "";
			projectRoot = "";
			targets = (
				9508E0961E828FDA00E1FF60 /* MultiPeer */,
			);
		};
/* End PBXProject section */

/* Begin PBXResourcesBuildPhase section */
		9508E0951E828FDA00E1FF60 /* Resources */ = {
			isa = PBXResourcesBuildPhase;
			buildActionMask = 2147483647;
			files = (
				9508E0A81E828FDA00E1FF60 /* LaunchScreen.storyboard in Resources */,
				9508E0A51E828FDA00E1FF60 /* Assets.xcassets in Resources */,
				9508E0A01E828FDA00E1FF60 /* Main.storyboard in Resources */,
			);
			runOnlyForDeploymentPostprocessing = 0;
		};
/* End PBXResourcesBuildPhase section */

/* Begin PBXSourcesBuildPhase section */
		9508E0931E828FDA00E1FF60 /* Sources */ = {
			isa = PBXSourcesBuildPhase;
			buildActionMask = 2147483647;
			files = (
				9508E09D1E828FDA00E1FF60 /* ViewController.swift in Sources */,
				9508E0A31E828FDA00E1FF60 /* MultiPeer.xcdatamodeld in Sources */,
				9508E09B1E828FDA00E1FF60 /* AppDelegate.swift in Sources */,
				9508E0B01E82910F00E1FF60 /* ColorServiceManager.swift in Sources */,
			);
			runOnlyForDeploymentPostprocessing = 0;
		};
/* End PBXSourcesBuildPhase section */

/* Begin PBXVariantGroup section */
		9508E09E1E828FDA00E1FF60 /* Main.storyboard */ = {
			isa = PBXVariantGroup;
			children = (
				9508E09F1E828FDA00E1FF60 /* Base */,
			);
			name = Main.storyboard;
			sourceTree = "<group>";
		};
		9508E0A61E828FDA00E1FF60 /* LaunchScreen.storyboard */ = {
			isa = PBXVariantGroup;
			children = (
				9508E0A71E828FDA00E1FF60 /* Base */,
			);
			name = LaunchScreen.storyboard;
			sourceTree = "<group>";
		};
/* End PBXVariantGroup section */

/* Begin XCBuildConfiguration section */
		9508E0AA1E828FDA00E1FF60 /* Debug */ = {
			isa = XCBuildConfiguration;
			buildSettings = {
				ALWAYS_SEARCH_USER_PATHS = NO;
				CLANG_ANALYZER_NONNULL = YES;
				CLANG_CXX_LANGUAGE_STANDARD = "gnu++0x";
				CLANG_CXX_LIBRARY = "libc++";
				CLANG_ENABLE_MODULES = YES;
				CLANG_ENABLE_OBJC_ARC = YES;
				CLANG_WARN_BOOL_CONVERSION = YES;
				CLANG_WARN_CONSTANT_CONVERSION = YES;
				CLANG_WARN_DIRECT_OBJC_ISA_USAGE = YES_ERROR;
				CLANG_WARN_EMPTY_BODY = YES;
				CLANG_WARN_ENUM_CONVERSION = YES;
				CLANG_WARN_INT_CONVERSION = YES;
				CLANG_WARN_OBJC_ROOT_CLASS = YES_ERROR;
				CLANG_WARN_UNREACHABLE_CODE = YES;
				CLANG_WARN__DUPLICATE_METHOD_MATCH = YES;
				"CODE_SIGN_IDENTITY[sdk=iphoneos*]" = "iPhone Developer";
				COPY_PHASE_STRIP = NO;
				DEBUG_INFORMATION_FORMAT = dwarf;
				ENABLE_STRICT_OBJC_MSGSEND = YES;
				ENABLE_TESTABILITY = YES;
				GCC_C_LANGUAGE_STANDARD = gnu99;
				GCC_DYNAMIC_NO_PIC = NO;
				GCC_NO_COMMON_BLOCKS = YES;
				GCC_OPTIMIZATION_LEVEL = 0;
				GCC_PREPROCESSOR_DEFINITIONS = (
					"DEBUG=1",
					"$(inherited)",
				);
				GCC_WARN_64_TO_32_BIT_CONVERSION = YES;
				GCC_WARN_ABOUT_RETURN_TYPE = YES_ERROR;
				GCC_WARN_UNDECLARED_SELECTOR = YES;
				GCC_WARN_UNINITIALIZED_AUTOS = YES_AGGRESSIVE;
				GCC_WARN_UNUSED_FUNCTION = YES;
				GCC_WARN_UNUSED_VARIABLE = YES;
				IPHONEOS_DEPLOYMENT_TARGET = 9.3;
				MTL_ENABLE_DEBUG_INFO = YES;
				ONLY_ACTIVE_ARCH = YES;
				SDKROOT = iphoneos;
				SWIFT_OPTIMIZATION_LEVEL = "-Onone";
				TARGETED_DEVICE_FAMILY = "1,2";
			};
			name = Debug;
		};
		9508E0AB1E828FDA00E1FF60 /* Release */ = {
			isa = XCBuildConfiguration;
			buildSettings = {
				ALWAYS_SEARCH_USER_PATHS = NO;
				CLANG_ANALYZER_NONNULL = YES;
				CLANG_CXX_LANGUAGE_STANDARD = "gnu++0x";
				CLANG_CXX_LIBRARY = "libc++";
				CLANG_ENABLE_MODULES = YES;
				CLANG_ENABLE_OBJC_ARC = YES;
				CLANG_WARN_BOOL_CONVERSION = YES;
				CLANG_WARN_CONSTANT_CONVERSION = YES;
				CLANG_WARN_DIRECT_OBJC_ISA_USAGE = YES_ERROR;
				CLANG_WARN_EMPTY_BODY = YES;
				CLANG_WARN_ENUM_CONVERSION = YES;
				CLANG_WARN_INT_CONVERSION = YES;
				CLANG_WARN_OBJC_ROOT_CLASS = YES_ERROR;
				CLANG_WARN_UNREACHABLE_CODE = YES;
				CLANG_WARN__DUPLICATE_METHOD_MATCH = YES;
				"CODE_SIGN_IDENTITY[sdk=iphoneos*]" = "iPhone Developer";
				COPY_PHASE_STRIP = NO;
				DEBUG_INFORMATION_FORMAT = "dwarf-with-dsym";
				ENABLE_NS_ASSERTIONS = NO;
				ENABLE_STRICT_OBJC_MSGSEND = YES;
				GCC_C_LANGUAGE_STANDARD = gnu99;
				GCC_NO_COMMON_BLOCKS = YES;
				GCC_WARN_64_TO_32_BIT_CONVERSION = YES;
				GCC_WARN_ABOUT_RETURN_TYPE = YES_ERROR;
				GCC_WARN_UNDECLARED_SELECTOR = YES;
				GCC_WARN_UNINITIALIZED_AUTOS = YES_AGGRESSIVE;
				GCC_WARN_UNUSED_FUNCTION = YES;
				GCC_WARN_UNUSED_VARIABLE = YES;
				IPHONEOS_DEPLOYMENT_TARGET = 9.3;
				MTL_ENABLE_DEBUG_INFO = NO;
				SDKROOT = iphoneos;
				TARGETED_DEVICE_FAMILY = "1,2";
				VALIDATE_PRODUCT = YES;
			};
			name = Release;
		};
		9508E0AD1E828FDA00E1FF60 /* Debug */ = {
			isa = XCBuildConfiguration;
			buildSettings = {
				ASSETCATALOG_COMPILER_APPICON_NAME = AppIcon;
				INFOPLIST_FILE = MultiPeer/Info.plist;
				LD_RUNPATH_SEARCH_PATHS = "$(inherited) @executable_path/Frameworks";
				PRODUCT_BUNDLE_IDENTIFIER = "com.bipolar-bear.MultiPeer";
				PRODUCT_NAME = "$(TARGET_NAME)";
			};
			name = Debug;
		};
		9508E0AE1E828FDA00E1FF60 /* Release */ = {
			isa = XCBuildConfiguration;
			buildSettings = {
				ASSETCATALOG_COMPILER_APPICON_NAME = AppIcon;
				INFOPLIST_FILE = MultiPeer/Info.plist;
				LD_RUNPATH_SEARCH_PATHS = "$(inherited) @executable_path/Frameworks";
				PRODUCT_BUNDLE_IDENTIFIER = "com.bipolar-bear.MultiPeer";
				PRODUCT_NAME = "$(TARGET_NAME)";
			};
			name = Release;
		};
/* End XCBuildConfiguration section */

/* Begin XCConfigurationList section */
		9508E0921E828FDA00E1FF60 /* Build configuration list for PBXProject "MultiPeer" */ = {
			isa = XCConfigurationList;
			buildConfigurations = (
				9508E0AA1E828FDA00E1FF60 /* Debug */,
				9508E0AB1E828FDA00E1FF60 /* Release */,
			);
			defaultConfigurationIsVisible = 0;
			defaultConfigurationName = Release;
		};
		9508E0AC1E828FDA00E1FF60 /* Build configuration list for PBXNativeTarget "MultiPeer" */ = {
			isa = XCConfigurationList;
			buildConfigurations = (
				9508E0AD1E828FDA00E1FF60 /* Debug */,
				9508E0AE1E828FDA00E1FF60 /* Release */,
			);
			defaultConfigurationIsVisible = 0;
		};
/* End XCConfigurationList section */

/* Begin XCVersionGroup section */
		9508E0A11E828FDA00E1FF60 /* MultiPeer.xcdatamodeld */ = {
			isa = XCVersionGroup;
			children = (
				9508E0A21E828FDA00E1FF60 /* MultiPeer.xcdatamodel */,
			);
			currentVersion = 9508E0A21E828FDA00E1FF60 /* MultiPeer.xcdatamodel */;
			path = MultiPeer.xcdatamodeld;
			sourceTree = "<group>";
			versionGroupType = wrapper.xcdatamodel;
		};
/* End XCVersionGroup section */
	};
	rootObject = 9508E08F1E828FDA00E1FF60 /* Project object */;
}
